// !$*UTF8*$!
{
	archiveVersion = 1;
	classes = {
	};
	objectVersion = 50;
	objects = {

/* Begin PBXBuildFile section */
		5698522026639B6C0007C42A /* Stanford_CS193p_courseApp.swift in Sources */ = {isa = PBXBuildFile; fileRef = 5698521F26639B6C0007C42A /* Stanford_CS193p_courseApp.swift */; };
		5698522226639B6C0007C42A /* ContentView.swift in Sources */ = {isa = PBXBuildFile; fileRef = 5698522126639B6C0007C42A /* ContentView.swift */; };
		5698522426639B6D0007C42A /* Assets.xcassets in Resources */ = {isa = PBXBuildFile; fileRef = 5698522326639B6D0007C42A /* Assets.xcassets */; };
		5698522726639B6D0007C42A /* Preview Assets.xcassets in Resources */ = {isa = PBXBuildFile; fileRef = 5698522626639B6D0007C42A /* Preview Assets.xcassets */; };
		5698523226639B6D0007C42A /* Stanford_CS193p_courseTests.swift in Sources */ = {isa = PBXBuildFile; fileRef = 5698523126639B6D0007C42A /* Stanford_CS193p_courseTests.swift */; };
		5698523D26639B6D0007C42A /* Stanford_CS193p_courseUITests.swift in Sources */ = {isa = PBXBuildFile; fileRef = 5698523C26639B6D0007C42A /* Stanford_CS193p_courseUITests.swift */; };
/* End PBXBuildFile section */

/* Begin PBXContainerItemProxy section */
		5698522E26639B6D0007C42A /* PBXContainerItemProxy */ = {
			isa = PBXContainerItemProxy;
			containerPortal = 5698521426639B6C0007C42A /* Project object */;
			proxyType = 1;
			remoteGlobalIDString = 5698521B26639B6C0007C42A;
			remoteInfo = "Stanford CS193p course";
		};
		5698523926639B6D0007C42A /* PBXContainerItemProxy */ = {
			isa = PBXContainerItemProxy;
			containerPortal = 5698521426639B6C0007C42A /* Project object */;
			proxyType = 1;
			remoteGlobalIDString = 5698521B26639B6C0007C42A;
			remoteInfo = "Stanford CS193p course";
		};
/* End PBXContainerItemProxy section */

/* Begin PBXFileReference section */
		5698521C26639B6C0007C42A /* Stanford CS193p course.app */ = {isa = PBXFileReference; explicitFileType = wrapper.application; includeInIndex = 0; path = "Stanford CS193p course.app"; sourceTree = BUILT_PRODUCTS_DIR; };
		5698521F26639B6C0007C42A /* Stanford_CS193p_courseApp.swift */ = {isa = PBXFileReference; lastKnownFileType = sourcecode.swift; path = Stanford_CS193p_courseApp.swift; sourceTree = "<group>"; };
		5698522126639B6C0007C42A /* ContentView.swift */ = {isa = PBXFileReference; lastKnownFileType = sourcecode.swift; path = ContentView.swift; sourceTree = "<group>"; };
		5698522326639B6D0007C42A /* Assets.xcassets */ = {isa = PBXFileReference; lastKnownFileType = folder.assetcatalog; path = Assets.xcassets; sourceTree = "<group>"; };
		5698522626639B6D0007C42A /* Preview Assets.xcassets */ = {isa = PBXFileReference; lastKnownFileType = folder.assetcatalog; path = "Preview Assets.xcassets"; sourceTree = "<group>"; };
		5698522826639B6D0007C42A /* Info.plist */ = {isa = PBXFileReference; lastKnownFileType = text.plist.xml; path = Info.plist; sourceTree = "<group>"; };
		5698522D26639B6D0007C42A /* Stanford CS193p courseTests.xctest */ = {isa = PBXFileReference; explicitFileType = wrapper.cfbundle; includeInIndex = 0; path = "Stanford CS193p courseTests.xctest"; sourceTree = BUILT_PRODUCTS_DIR; };
		5698523126639B6D0007C42A /* Stanford_CS193p_courseTests.swift */ = {isa = PBXFileReference; lastKnownFileType = sourcecode.swift; path = Stanford_CS193p_courseTests.swift; sourceTree = "<group>"; };
		5698523326639B6D0007C42A /* Info.plist */ = {isa = PBXFileReference; lastKnownFileType = text.plist.xml; path = Info.plist; sourceTree = "<group>"; };
		5698523826639B6D0007C42A /* Stanford CS193p courseUITests.xctest */ = {isa = PBXFileReference; explicitFileType = wrapper.cfbundle; includeInIndex = 0; path = "Stanford CS193p courseUITests.xctest"; sourceTree = BUILT_PRODUCTS_DIR; };
		5698523C26639B6D0007C42A /* Stanford_CS193p_courseUITests.swift */ = {isa = PBXFileReference; lastKnownFileType = sourcecode.swift; path = Stanford_CS193p_courseUITests.swift; sourceTree = "<group>"; };
		5698523E26639B6D0007C42A /* Info.plist */ = {isa = PBXFileReference; lastKnownFileType = text.plist.xml; path = Info.plist; sourceTree = "<group>"; };
/* End PBXFileReference section */

/* Begin PBXFrameworksBuildPhase section */
		5698521926639B6C0007C42A /* Frameworks */ = {
			isa = PBXFrameworksBuildPhase;
			buildActionMask = 2147483647;
			files = (
			);
			runOnlyForDeploymentPostprocessing = 0;
		};
		5698522A26639B6D0007C42A /* Frameworks */ = {
			isa = PBXFrameworksBuildPhase;
			buildActionMask = 2147483647;
			files = (
			);
			runOnlyForDeploymentPostprocessing = 0;
		};
		5698523526639B6D0007C42A /* Frameworks */ = {
			isa = PBXFrameworksBuildPhase;
			buildActionMask = 2147483647;
			files = (
			);
			runOnlyForDeploymentPostprocessing = 0;
		};
/* End PBXFrameworksBuildPhase section */

/* Begin PBXGroup section */
		5698521326639B6C0007C42A = {
			isa = PBXGroup;
			children = (
				5698521E26639B6C0007C42A /* Stanford CS193p course */,
				5698523026639B6D0007C42A /* Stanford CS193p courseTests */,
				5698523B26639B6D0007C42A /* Stanford CS193p courseUITests */,
				5698521D26639B6C0007C42A /* Products */,
			);
			sourceTree = "<group>";
		};
		5698521D26639B6C0007C42A /* Products */ = {
			isa = PBXGroup;
			children = (
				5698521C26639B6C0007C42A /* Stanford CS193p course.app */,
				5698522D26639B6D0007C42A /* Stanford CS193p courseTests.xctest */,
				5698523826639B6D0007C42A /* Stanford CS193p courseUITests.xctest */,
			);
			name = Products;
			sourceTree = "<group>";
		};
		5698521E26639B6C0007C42A /* Stanford CS193p course */ = {
			isa = PBXGroup;
			children = (
				5698521F26639B6C0007C42A /* Stanford_CS193p_courseApp.swift */,
				5698522126639B6C0007C42A /* ContentView.swift */,
				5698522326639B6D0007C42A /* Assets.xcassets */,
				5698522826639B6D0007C42A /* Info.plist */,
				5698522526639B6D0007C42A /* Preview Content */,
			);
			path = "Stanford CS193p course";
			sourceTree = "<group>";
		};
		5698522526639B6D0007C42A /* Preview Content */ = {
			isa = PBXGroup;
			children = (
				5698522626639B6D0007C42A /* Preview Assets.xcassets */,
			);
			path = "Preview Content";
			sourceTree = "<group>";
		};
		5698523026639B6D0007C42A /* Stanford CS193p courseTests */ = {
			isa = PBXGroup;
			children = (
				5698523126639B6D0007C42A /* Stanford_CS193p_courseTests.swift */,
				5698523326639B6D0007C42A /* Info.plist */,
			);
			path = "Stanford CS193p courseTests";
			sourceTree = "<group>";
		};
		5698523B26639B6D0007C42A /* Stanford CS193p courseUITests */ = {
			isa = PBXGroup;
			children = (
				5698523C26639B6D0007C42A /* Stanford_CS193p_courseUITests.swift */,
				5698523E26639B6D0007C42A /* Info.plist */,
			);
			path = "Stanford CS193p courseUITests";
			sourceTree = "<group>";
		};
/* End PBXGroup section */

/* Begin PBXNativeTarget section */
		5698521B26639B6C0007C42A /* Stanford CS193p course */ = {
			isa = PBXNativeTarget;
			buildConfigurationList = 5698524126639B6D0007C42A /* Build configuration list for PBXNativeTarget "Stanford CS193p course" */;
			buildPhases = (
				5698521826639B6C0007C42A /* Sources */,
				5698521926639B6C0007C42A /* Frameworks */,
				5698521A26639B6C0007C42A /* Resources */,
			);
			buildRules = (
			);
			dependencies = (
			);
			name = "Stanford CS193p course";
			productName = "Stanford CS193p course";
			productReference = 5698521C26639B6C0007C42A /* Stanford CS193p course.app */;
			productType = "com.apple.product-type.application";
		};
		5698522C26639B6D0007C42A /* Stanford CS193p courseTests */ = {
			isa = PBXNativeTarget;
			buildConfigurationList = 5698524426639B6D0007C42A /* Build configuration list for PBXNativeTarget "Stanford CS193p courseTests" */;
			buildPhases = (
				5698522926639B6D0007C42A /* Sources */,
				5698522A26639B6D0007C42A /* Frameworks */,
				5698522B26639B6D0007C42A /* Resources */,
			);
			buildRules = (
			);
			dependencies = (
				5698522F26639B6D0007C42A /* PBXTargetDependency */,
			);
			name = "Stanford CS193p courseTests";
			productName = "Stanford CS193p courseTests";
			productReference = 5698522D26639B6D0007C42A /* Stanford CS193p courseTests.xctest */;
			productType = "com.apple.product-type.bundle.unit-test";
		};
		5698523726639B6D0007C42A /* Stanford CS193p courseUITests */ = {
			isa = PBXNativeTarget;
			buildConfigurationList = 5698524726639B6D0007C42A /* Build configuration list for PBXNativeTarget "Stanford CS193p courseUITests" */;
			buildPhases = (
				5698523426639B6D0007C42A /* Sources */,
				5698523526639B6D0007C42A /* Frameworks */,
				5698523626639B6D0007C42A /* Resources */,
			);
			buildRules = (
			);
			dependencies = (
				5698523A26639B6D0007C42A /* PBXTargetDependency */,
			);
			name = "Stanford CS193p courseUITests";
			productName = "Stanford CS193p courseUITests";
			productReference = 5698523826639B6D0007C42A /* Stanford CS193p courseUITests.xctest */;
			productType = "com.apple.product-type.bundle.ui-testing";
		};
/* End PBXNativeTarget section */

/* Begin PBXProject section */
		5698521426639B6C0007C42A /* Project object */ = {
			isa = PBXProject;
			attributes = {
				LastSwiftUpdateCheck = 1250;
				LastUpgradeCheck = 1250;
				TargetAttributes = {
					5698521B26639B6C0007C42A = {
						CreatedOnToolsVersion = 12.5;
					};
					5698522C26639B6D0007C42A = {
						CreatedOnToolsVersion = 12.5;
						TestTargetID = 5698521B26639B6C0007C42A;
					};
					5698523726639B6D0007C42A = {
						CreatedOnToolsVersion = 12.5;
						TestTargetID = 5698521B26639B6C0007C42A;
					};
				};
			};
			buildConfigurationList = 5698521726639B6C0007C42A /* Build configuration list for PBXProject "Stanford CS193p course" */;
			compatibilityVersion = "Xcode 9.3";
			developmentRegion = en;
			hasScannedForEncodings = 0;
			knownRegions = (
				en,
				Base,
			);
			mainGroup = 5698521326639B6C0007C42A;
			productRefGroup = 5698521D26639B6C0007C42A /* Products */;
			projectDirPath = "";
			projectRoot = "";
			targets = (
				5698521B26639B6C0007C42A /* Stanford CS193p course */,
				5698522C26639B6D0007C42A /* Stanford CS193p courseTests */,
				5698523726639B6D0007C42A /* Stanford CS193p courseUITests */,
			);
		};
/* End PBXProject section */

/* Begin PBXResourcesBuildPhase section */
		5698521A26639B6C0007C42A /* Resources */ = {
			isa = PBXResourcesBuildPhase;
			buildActionMask = 2147483647;
			files = (
				5698522726639B6D0007C42A /* Preview Assets.xcassets in Resources */,
				5698522426639B6D0007C42A /* Assets.xcassets in Resources */,
			);
			runOnlyForDeploymentPostprocessing = 0;
		};
		5698522B26639B6D0007C42A /* Resources */ = {
			isa = PBXResourcesBuildPhase;
			buildActionMask = 2147483647;
			files = (
			);
			runOnlyForDeploymentPostprocessing = 0;
		};
		5698523626639B6D0007C42A /* Resources */ = {
			isa = PBXResourcesBuildPhase;
			buildActionMask = 2147483647;
			files = (
			);
			runOnlyForDeploymentPostprocessing = 0;
		};
/* End PBXResourcesBuildPhase section */

/* Begin PBXSourcesBuildPhase section */
		5698521826639B6C0007C42A /* Sources */ = {
			isa = PBXSourcesBuildPhase;
			buildActionMask = 2147483647;
			files = (
				5698522226639B6C0007C42A /* ContentView.swift in Sources */,
				5698522026639B6C0007C42A /* Stanford_CS193p_courseApp.swift in Sources */,
			);
			runOnlyForDeploymentPostprocessing = 0;
		};
		5698522926639B6D0007C42A /* Sources */ = {
			isa = PBXSourcesBuildPhase;
			buildActionMask = 2147483647;
			files = (
				5698523226639B6D0007C42A /* Stanford_CS193p_courseTests.swift in Sources */,
			);
			runOnlyForDeploymentPostprocessing = 0;
		};
		5698523426639B6D0007C42A /* Sources */ = {
			isa = PBXSourcesBuildPhase;
			buildActionMask = 2147483647;
			files = (
				5698523D26639B6D0007C42A /* Stanford_CS193p_courseUITests.swift in Sources */,
			);
			runOnlyForDeploymentPostprocessing = 0;
		};
/* End PBXSourcesBuildPhase section */

/* Begin PBXTargetDependency section */
		5698522F26639B6D0007C42A /* PBXTargetDependency */ = {
			isa = PBXTargetDependency;
			target = 5698521B26639B6C0007C42A /* Stanford CS193p course */;
			targetProxy = 5698522E26639B6D0007C42A /* PBXContainerItemProxy */;
		};
		5698523A26639B6D0007C42A /* PBXTargetDependency */ = {
			isa = PBXTargetDependency;
			target = 5698521B26639B6C0007C42A /* Stanford CS193p course */;
			targetProxy = 5698523926639B6D0007C42A /* PBXContainerItemProxy */;
		};
/* End PBXTargetDependency section */

/* Begin XCBuildConfiguration section */
		5698523F26639B6D0007C42A /* Debug */ = {
			isa = XCBuildConfiguration;
			buildSettings = {
				ALWAYS_SEARCH_USER_PATHS = NO;
				CLANG_ANALYZER_NONNULL = YES;
				CLANG_ANALYZER_NUMBER_OBJECT_CONVERSION = YES_AGGRESSIVE;
				CLANG_CXX_LANGUAGE_STANDARD = "gnu++14";
				CLANG_CXX_LIBRARY = "libc++";
				CLANG_ENABLE_MODULES = YES;
				CLANG_ENABLE_OBJC_ARC = YES;
				CLANG_ENABLE_OBJC_WEAK = YES;
				CLANG_WARN_BLOCK_CAPTURE_AUTORELEASING = YES;
				CLANG_WARN_BOOL_CONVERSION = YES;
				CLANG_WARN_COMMA = YES;
				CLANG_WARN_CONSTANT_CONVERSION = YES;
				CLANG_WARN_DEPRECATED_OBJC_IMPLEMENTATIONS = YES;
				CLANG_WARN_DIRECT_OBJC_ISA_USAGE = YES_ERROR;
				CLANG_WARN_DOCUMENTATION_COMMENTS = YES;
				CLANG_WARN_EMPTY_BODY = YES;
				CLANG_WARN_ENUM_CONVERSION = YES;
				CLANG_WARN_INFINITE_RECURSION = YES;
				CLANG_WARN_INT_CONVERSION = YES;
				CLANG_WARN_NON_LITERAL_NULL_CONVERSION = YES;
				CLANG_WARN_OBJC_IMPLICIT_RETAIN_SELF = YES;
				CLANG_WARN_OBJC_LITERAL_CONVERSION = YES;
				CLANG_WARN_OBJC_ROOT_CLASS = YES_ERROR;
				CLANG_WARN_QUOTED_INCLUDE_IN_FRAMEWORK_HEADER = YES;
				CLANG_WARN_RANGE_LOOP_ANALYSIS = YES;
				CLANG_WARN_STRICT_PROTOTYPES = YES;
				CLANG_WARN_SUSPICIOUS_MOVE = YES;
				CLANG_WARN_UNGUARDED_AVAILABILITY = YES_AGGRESSIVE;
				CLANG_WARN_UNREACHABLE_CODE = YES;
				CLANG_WARN__DUPLICATE_METHOD_MATCH = YES;
				COPY_PHASE_STRIP = NO;
				DEBUG_INFORMATION_FORMAT = dwarf;
				ENABLE_STRICT_OBJC_MSGSEND = YES;
				ENABLE_TESTABILITY = YES;
				GCC_C_LANGUAGE_STANDARD = gnu11;
				GCC_DYNAMIC_NO_PIC = NO;
				GCC_NO_COMMON_BLOCKS = YES;
				GCC_OPTIMIZATION_LEVEL = 0;
				GCC_PREPROCESSOR_DEFINITIONS = (
					"DEBUG=1",
					"$(inherited)",
				);
				GCC_WARN_64_TO_32_BIT_CONVERSION = YES;
				GCC_WARN_ABOUT_RETURN_TYPE = YES_ERROR;
				GCC_WARN_UNDECLARED_SELECTOR = YES;
				GCC_WARN_UNINITIALIZED_AUTOS = YES_AGGRESSIVE;
				GCC_WARN_UNUSED_FUNCTION = YES;
				GCC_WARN_UNUSED_VARIABLE = YES;
				IPHONEOS_DEPLOYMENT_TARGET = 14.5;
				MTL_ENABLE_DEBUG_INFO = INCLUDE_SOURCE;
				MTL_FAST_MATH = YES;
				ONLY_ACTIVE_ARCH = YES;
				SDKROOT = iphoneos;
				SWIFT_ACTIVE_COMPILATION_CONDITIONS = DEBUG;
				SWIFT_OPTIMIZATION_LEVEL = "-Onone";
			};
			name = Debug;
		};
		5698524026639B6D0007C42A /* Release */ = {
			isa = XCBuildConfiguration;
			buildSettings = {
				ALWAYS_SEARCH_USER_PATHS = NO;
				CLANG_ANALYZER_NONNULL = YES;
				CLANG_ANALYZER_NUMBER_OBJECT_CONVERSION = YES_AGGRESSIVE;
				CLANG_CXX_LANGUAGE_STANDARD = "gnu++14";
				CLANG_CXX_LIBRARY = "libc++";
				CLANG_ENABLE_MODULES = YES;
				CLANG_ENABLE_OBJC_ARC = YES;
				CLANG_ENABLE_OBJC_WEAK = YES;
				CLANG_WARN_BLOCK_CAPTURE_AUTORELEASING = YES;
				CLANG_WARN_BOOL_CONVERSION = YES;
				CLANG_WARN_COMMA = YES;
				CLANG_WARN_CONSTANT_CONVERSION = YES;
				CLANG_WARN_DEPRECATED_OBJC_IMPLEMENTATIONS = YES;
				CLANG_WARN_DIRECT_OBJC_ISA_USAGE = YES_ERROR;
				CLANG_WARN_DOCUMENTATION_COMMENTS = YES;
				CLANG_WARN_EMPTY_BODY = YES;
				CLANG_WARN_ENUM_CONVERSION = YES;
				CLANG_WARN_INFINITE_RECURSION = YES;
				CLANG_WARN_INT_CONVERSION = YES;
				CLANG_WARN_NON_LITERAL_NULL_CONVERSION = YES;
				CLANG_WARN_OBJC_IMPLICIT_RETAIN_SELF = YES;
				CLANG_WARN_OBJC_LITERAL_CONVERSION = YES;
				CLANG_WARN_OBJC_ROOT_CLASS = YES_ERROR;
				CLANG_WARN_QUOTED_INCLUDE_IN_FRAMEWORK_HEADER = YES;
				CLANG_WARN_RANGE_LOOP_ANALYSIS = YES;
				CLANG_WARN_STRICT_PROTOTYPES = YES;
				CLANG_WARN_SUSPICIOUS_MOVE = YES;
				CLANG_WARN_UNGUARDED_AVAILABILITY = YES_AGGRESSIVE;
				CLANG_WARN_UNREACHABLE_CODE = YES;
				CLANG_WARN__DUPLICATE_METHOD_MATCH = YES;
				COPY_PHASE_STRIP = NO;
				DEBUG_INFORMATION_FORMAT = "dwarf-with-dsym";
				ENABLE_NS_ASSERTIONS = NO;
				ENABLE_STRICT_OBJC_MSGSEND = YES;
				GCC_C_LANGUAGE_STANDARD = gnu11;
				GCC_NO_COMMON_BLOCKS = YES;
				GCC_WARN_64_TO_32_BIT_CONVERSION = YES;
				GCC_WARN_ABOUT_RETURN_TYPE = YES_ERROR;
				GCC_WARN_UNDECLARED_SELECTOR = YES;
				GCC_WARN_UNINITIALIZED_AUTOS = YES_AGGRESSIVE;
				GCC_WARN_UNUSED_FUNCTION = YES;
				GCC_WARN_UNUSED_VARIABLE = YES;
				IPHONEOS_DEPLOYMENT_TARGET = 14.5;
				MTL_ENABLE_DEBUG_INFO = NO;
				MTL_FAST_MATH = YES;
				SDKROOT = iphoneos;
				SWIFT_COMPILATION_MODE = wholemodule;
				SWIFT_OPTIMIZATION_LEVEL = "-O";
				VALIDATE_PRODUCT = YES;
			};
			name = Release;
		};
		5698524226639B6D0007C42A /* Debug */ = {
			isa = XCBuildConfiguration;
			buildSettings = {
				ASSETCATALOG_COMPILER_APPICON_NAME = AppIcon;
				ASSETCATALOG_COMPILER_GLOBAL_ACCENT_COLOR_NAME = AccentColor;
				CODE_SIGN_STYLE = Automatic;
				DEVELOPMENT_ASSET_PATHS = "\"Stanford CS193p course/Preview Content\"";
				ENABLE_PREVIEWS = YES;
				INFOPLIST_FILE = "Stanford CS193p course/Info.plist";
				IPHONEOS_DEPLOYMENT_TARGET = 14.0;
				LD_RUNPATH_SEARCH_PATHS = (
					"$(inherited)",
					"@executable_path/Frameworks",
				);
				PRODUCT_BUNDLE_IDENTIFIER = "oversparkling.Stanford-CS193p-course";
				PRODUCT_NAME = "$(TARGET_NAME)";
				SWIFT_VERSION = 5.0;
				TARGETED_DEVICE_FAMILY = "1,2";
			};
			name = Debug;
		};
		5698524326639B6D0007C42A /* Release */ = {
			isa = XCBuildConfiguration;
			buildSettings = {
				ASSETCATALOG_COMPILER_APPICON_NAME = AppIcon;
				ASSETCATALOG_COMPILER_GLOBAL_ACCENT_COLOR_NAME = AccentColor;
				CODE_SIGN_STYLE = Automatic;
				DEVELOPMENT_ASSET_PATHS = "\"Stanford CS193p course/Preview Content\"";
				ENABLE_PREVIEWS = YES;
				INFOPLIST_FILE = "Stanford CS193p course/Info.plist";
				IPHONEOS_DEPLOYMENT_TARGET = 14.0;
				LD_RUNPATH_SEARCH_PATHS = (
					"$(inherited)",
					"@executable_path/Frameworks",
				);
				PRODUCT_BUNDLE_IDENTIFIER = "oversparkling.Stanford-CS193p-course";
				PRODUCT_NAME = "$(TARGET_NAME)";
				SWIFT_VERSION = 5.0;
				TARGETED_DEVICE_FAMILY = "1,2";
			};
			name = Release;
		};
		5698524526639B6D0007C42A /* Debug */ = {
			isa = XCBuildConfiguration;
			buildSettings = {
				ALWAYS_EMBED_SWIFT_STANDARD_LIBRARIES = YES;
				BUNDLE_LOADER = "$(TEST_HOST)";
				CODE_SIGN_STYLE = Automatic;
				INFOPLIST_FILE = "Stanford CS193p courseTests/Info.plist";
				IPHONEOS_DEPLOYMENT_TARGET = 14.0;
				LD_RUNPATH_SEARCH_PATHS = (
					"$(inherited)",
					"@executable_path/Frameworks",
					"@loader_path/Frameworks",
				);
				PRODUCT_BUNDLE_IDENTIFIER = "oversparkling.Stanford-CS193p-courseTests";
				PRODUCT_NAME = "$(TARGET_NAME)";
				SWIFT_VERSION = 5.0;
				TARGETED_DEVICE_FAMILY = "1,2";
				TEST_HOST = "$(BUILT_PRODUCTS_DIR)/Stanford CS193p course.app/Stanford CS193p course";
			};
			name = Debug;
		};
		5698524626639B6D0007C42A /* Release */ = {
			isa = XCBuildConfiguration;
			buildSettings = {
				ALWAYS_EMBED_SWIFT_STANDARD_LIBRARIES = YES;
				BUNDLE_LOADER = "$(TEST_HOST)";
				CODE_SIGN_STYLE = Automatic;
				INFOPLIST_FILE = "Stanford CS193p courseTests/Info.plist";
				IPHONEOS_DEPLOYMENT_TARGET = 14.0;
				LD_RUNPATH_SEARCH_PATHS = (
					"$(inherited)",
					"@executable_path/Frameworks",
					"@loader_path/Frameworks",
				);
				PRODUCT_BUNDLE_IDENTIFIER = "oversparkling.Stanford-CS193p-courseTests";
				PRODUCT_NAME = "$(TARGET_NAME)";
				SWIFT_VERSION = 5.0;
				TARGETED_DEVICE_FAMILY = "1,2";
				TEST_HOST = "$(BUILT_PRODUCTS_DIR)/Stanford CS193p course.app/Stanford CS193p course";
			};
			name = Release;
		};
		5698524826639B6D0007C42A /* Debug */ = {
			isa = XCBuildConfiguration;
			buildSettings = {
				ALWAYS_EMBED_SWIFT_STANDARD_LIBRARIES = YES;
				CODE_SIGN_STYLE = Automatic;
				INFOPLIST_FILE = "Stanford CS193p courseUITests/Info.plist";
				LD_RUNPATH_SEARCH_PATHS = (
					"$(inherited)",
					"@executable_path/Frameworks",
					"@loader_path/Frameworks",
				);
				PRODUCT_BUNDLE_IDENTIFIER = "oversparkling.Stanford-CS193p-courseUITests";
				PRODUCT_NAME = "$(TARGET_NAME)";
				SWIFT_VERSION = 5.0;
				TARGETED_DEVICE_FAMILY = "1,2";
				TEST_TARGET_NAME = "Stanford CS193p course";
			};
			name = Debug;
		};
		5698524926639B6D0007C42A /* Release */ = {
			isa = XCBuildConfiguration;
			buildSettings = {
				ALWAYS_EMBED_SWIFT_STANDARD_LIBRARIES = YES;
				CODE_SIGN_STYLE = Automatic;
				INFOPLIST_FILE = "Stanford CS193p courseUITests/Info.plist";
				LD_RUNPATH_SEARCH_PATHS = (
					"$(inherited)",
					"@executable_path/Frameworks",
					"@loader_path/Frameworks",
				);
				PRODUCT_BUNDLE_IDENTIFIER = "oversparkling.Stanford-CS193p-courseUITests";
				PRODUCT_NAME = "$(TARGET_NAME)";
				SWIFT_VERSION = 5.0;
				TARGETED_DEVICE_FAMILY = "1,2";
				TEST_TARGET_NAME = "Stanford CS193p course";
			};
			name = Release;
		};
/* End XCBuildConfiguration section */

/* Begin XCConfigurationList section */
		5698521726639B6C0007C42A /* Build configuration list for PBXProject "Stanford CS193p course" */ = {
			isa = XCConfigurationList;
			buildConfigurations = (
				5698523F26639B6D0007C42A /* Debug */,
				5698524026639B6D0007C42A /* Release */,
			);
			defaultConfigurationIsVisible = 0;
			defaultConfigurationName = Release;
		};
		5698524126639B6D0007C42A /* Build configuration list for PBXNativeTarget "Stanford CS193p course" */ = {
			isa = XCConfigurationList;
			buildConfigurations = (
				5698524226639B6D0007C42A /* Debug */,
				5698524326639B6D0007C42A /* Release */,
			);
			defaultConfigurationIsVisible = 0;
			defaultConfigurationName = Release;
		};
		5698524426639B6D0007C42A /* Build configuration list for PBXNativeTarget "Stanford CS193p courseTests" */ = {
			isa = XCConfigurationList;
			buildConfigurations = (
				5698524526639B6D0007C42A /* Debug */,
				5698524626639B6D0007C42A /* Release */,
			);
			defaultConfigurationIsVisible = 0;
			defaultConfigurationName = Release;
		};
		5698524726639B6D0007C42A /* Build configuration list for PBXNativeTarget "Stanford CS193p courseUITests" */ = {
			isa = XCConfigurationList;
			buildConfigurations = (
				5698524826639B6D0007C42A /* Debug */,
				5698524926639B6D0007C42A /* Release */,
			);
			defaultConfigurationIsVisible = 0;
			defaultConfigurationName = Release;
		};
/* End XCConfigurationList section */
	};
	rootObject = 5698521426639B6C0007C42A /* Project object */;
}
